
Microsoft Visual Studio Solution File, Format Version 12.00
# Visual Studio 14
VisualStudioVersion = 14.0.25420.1
MinimumVisualStudioVersion = 10.0.40219.1
Project("{FAE04EC0-301F-11D3-BF4B-00C04F79EFBC}") = "ExtaAirAPI", "ExtaAirAPI\ExtaAirAPI.csproj", "{63F280F2-0BF5-4042-95C1-F09481C2B988}"
EndProject
Project("{FAE04EC0-301F-11D3-BF4B-00C04F79EFBC}") = "ExtraAirCore", "ExtraAirCore\ExtraAirCore.csproj", "{C2E23B7B-9F0E-4F69-924E-1E7E6183791A}"
EndProject
Global
	GlobalSection(SolutionConfigurationPlatforms) = preSolution
		Debug|Any CPU = Debug|Any CPU
		Release|Any CPU = Release|Any CPU
	EndGlobalSection
	GlobalSection(ProjectConfigurationPlatforms) = postSolution
		{63F280F2-0BF5-4042-95C1-F09481C2B988}.Debug|Any CPU.ActiveCfg = Debug|Any CPU
		{63F280F2-0BF5-4042-95C1-F09481C2B988}.Debug|Any CPU.Build.0 = Debug|Any CPU
		{63F280F2-0BF5-4042-95C1-F09481C2B988}.Release|Any CPU.ActiveCfg = Release|Any CPU
		{63F280F2-0BF5-4042-95C1-F09481C2B988}.Release|Any CPU.Build.0 = Release|Any CPU
		{C2E23B7B-9F0E-4F69-924E-1E7E6183791A}.Debug|Any CPU.ActiveCfg = Debug|Any CPU
		{C2E23B7B-9F0E-4F69-924E-1E7E6183791A}.Debug|Any CPU.Build.0 = Debug|Any CPU
		{C2E23B7B-9F0E-4F69-924E-1E7E6183791A}.Release|Any CPU.ActiveCfg = Release|Any CPU
		{C2E23B7B-9F0E-4F69-924E-1E7E6183791A}.Release|Any CPU.Build.0 = Release|Any CPU
	EndGlobalSection
	GlobalSection(SolutionProperties) = preSolution
		HideSolutionNode = FALSE
	EndGlobalSection
EndGlobal
